{
  "_meta": {
    "file-type": "spack-lockfile",
    "lockfile-version": 4,
    "specfile-version": 3
  },
  "roots": [
    {
      "hash": "g3qploc23dqftravd33rh24twmodaemn",
      "spec": "mpi-serial%intel@20.0.1"
    },
    {
      "hash": "gwam7co4n3cfjqinvqxy7murx3k7r5sn",
      "spec": "mpi-serial%gcc@9.3.0"
    },
    {
      "hash": "q6ufp3wtvuebstelohnsg2m6t2n3mk7c",
      "spec": "mpi-serial%nag@7.0"
    }
  ],
  "concrete_specs": {
    "g3qploc23dqftravd33rh24twmodaemn": {
      "name": "mpi-serial",
      "version": "2.3.0",
      "arch": {
        "platform": "linux",
        "platform_os": "centos7",
        "target": {
          "name": "skylake_avx512",
          "vendor": "GenuineIntel",
          "features": [
            "adx",
            "aes",
            "avx",
            "avx2",
            "avx512bw",
            "avx512cd",
            "avx512dq",
            "avx512f",
            "avx512vl",
            "bmi1",
            "bmi2",
            "clflushopt",
            "clwb",
            "f16c",
            "fma",
            "mmx",
            "movbe",
            "pclmulqdq",
            "popcnt",
            "rdrand",
            "rdseed",
            "sse",
            "sse2",
            "sse4_1",
            "sse4_2",
            "ssse3",
            "xsavec",
            "xsaveopt"
          ],
          "generation": 0,
          "parents": [
            "skylake",
            "x86_64_v4"
          ]
        }
      },
      "compiler": {
        "name": "intel",
        "version": "20.0.1"
      },
      "namespace": "builtin",
      "parameters": {
        "build_system": "autotools",
        "fort-double-size": "8",
        "fort-real-size": "4",
        "patches": [
          "b090e1ae8537bce67f863a7f83c39cd927e7a096303e6f57ac0edd484a62ffcc"
        ],
        "cflags": [],
        "cppflags": [],
        "cxxflags": [],
        "fflags": [],
        "ldflags": [],
        "ldlibs": []
      },
      "patches": [
        "b090e1ae8537bce67f863a7f83c39cd927e7a096303e6f57ac0edd484a62ffcc"
      ],
      "package_hash": "qrygvszzey2tkpoeqsi7mk56sf37fro5gtpnu6jeqgibepnnyinq====",
      "hash": "g3qploc23dqftravd33rh24twmodaemn"
    },
    "gwam7co4n3cfjqinvqxy7murx3k7r5sn": {
      "name": "mpi-serial",
      "version": "2.3.0",
      "arch": {
        "platform": "linux",
        "platform_os": "centos7",
        "target": {
          "name": "skylake_avx512",
          "vendor": "GenuineIntel",
          "features": [
            "adx",
            "aes",
            "avx",
            "avx2",
            "avx512bw",
            "avx512cd",
            "avx512dq",
            "avx512f",
            "avx512vl",
            "bmi1",
            "bmi2",
            "clflushopt",
            "clwb",
            "f16c",
            "fma",
            "mmx",
            "movbe",
            "pclmulqdq",
            "popcnt",
            "rdrand",
            "rdseed",
            "sse",
            "sse2",
            "sse4_1",
            "sse4_2",
            "ssse3",
            "xsavec",
            "xsaveopt"
          ],
          "generation": 0,
          "parents": [
            "skylake",
            "x86_64_v4"
          ]
        }
      },
      "compiler": {
        "name": "gcc",
        "version": "9.3.0"
      },
      "namespace": "builtin",
      "parameters": {
        "build_system": "autotools",
        "fort-double-size": "8",
        "fort-real-size": "4",
        "patches": [
          "b090e1ae8537bce67f863a7f83c39cd927e7a096303e6f57ac0edd484a62ffcc"
        ],
        "cflags": [],
        "cppflags": [],
        "cxxflags": [],
        "fflags": [],
        "ldflags": [],
        "ldlibs": []
      },
      "patches": [
        "b090e1ae8537bce67f863a7f83c39cd927e7a096303e6f57ac0edd484a62ffcc"
      ],
      "package_hash": "qrygvszzey2tkpoeqsi7mk56sf37fro5gtpnu6jeqgibepnnyinq====",
      "hash": "gwam7co4n3cfjqinvqxy7murx3k7r5sn"
    },
    "q6ufp3wtvuebstelohnsg2m6t2n3mk7c": {
      "name": "mpi-serial",
      "version": "2.3.0",
      "arch": {
        "platform": "linux",
        "platform_os": "centos7",
        "target": {
          "name": "skylake_avx512",
          "vendor": "GenuineIntel",
          "features": [
            "adx",
            "aes",
            "avx",
            "avx2",
            "avx512bw",
            "avx512cd",
            "avx512dq",
            "avx512f",
            "avx512vl",
            "bmi1",
            "bmi2",
            "clflushopt",
            "clwb",
            "f16c",
            "fma",
            "mmx",
            "movbe",
            "pclmulqdq",
            "popcnt",
            "rdrand",
            "rdseed",
            "sse",
            "sse2",
            "sse4_1",
            "sse4_2",
            "ssse3",
            "xsavec",
            "xsaveopt"
          ],
          "generation": 0,
          "parents": [
            "skylake",
            "x86_64_v4"
          ]
        }
      },
      "compiler": {
        "name": "nag",
        "version": "7.0"
      },
      "namespace": "builtin",
      "parameters": {
        "build_system": "autotools",
        "fort-double-size": "8",
        "fort-real-size": "4",
        "patches": [
          "b090e1ae8537bce67f863a7f83c39cd927e7a096303e6f57ac0edd484a62ffcc"
        ],
        "cflags": [],
        "cppflags": [],
        "cxxflags": [],
        "fflags": [],
        "ldflags": [],
        "ldlibs": []
      },
      "patches": [
        "b090e1ae8537bce67f863a7f83c39cd927e7a096303e6f57ac0edd484a62ffcc"
      ],
      "package_hash": "qrygvszzey2tkpoeqsi7mk56sf37fro5gtpnu6jeqgibepnnyinq====",
      "hash": "q6ufp3wtvuebstelohnsg2m6t2n3mk7c"
    }
  }
}